# This file is automatically @generated by Cargo.
# It is not intended for manual editing.
version = 4

[[package]]
name = "lab-core"
version = "0.1.0"

[[package]]
name = "lab-engine"
version = "0.1.0"

[[package]]
name = "lab-gui"
version = "0.1.0"

[[package]]
name = "lab-library"
version = "0.1.0"

[[package]]
name = "lab-midi"
version = "0.1.0"

[[package]]
name = "labctl"
version = "0.1.0"
